
Microsoft Visual Studio Solution File, Format Version 12.00
# Visual Studio Version 17
VisualStudioVersion = 17.10.35027.167
MinimumVisualStudioVersion = 10.0.40219.1
Project("{FAE04EC0-301F-11D3-BF4B-00C04F79EFBC}") = "NewPDF", "NewPDF.csproj", "{EF594594-71F0-4694-BA94-FDA39F0DB10E}"
EndProject
Global
	GlobalSection(SolutionConfigurationPlatforms) = preSolution
		Debug|Any CPU = Debug|Any CPU
		Release|Any CPU = Release|Any CPU
	EndGlobalSection
	GlobalSection(ProjectConfigurationPlatforms) = postSolution
		{EF594594-71F0-4694-BA94-FDA39F0DB10E}.Debug|Any CPU.ActiveCfg = Debug|Any CPU
		{EF594594-71F0-4694-BA94-FDA39F0DB10E}.Debug|Any CPU.Build.0 = Debug|Any CPU
		{EF594594-71F0-4694-BA94-FDA39F0DB10E}.Debug|Any CPU.Deploy.0 = Debug|Any CPU
		{EF594594-71F0-4694-BA94-FDA39F0DB10E}.Release|Any CPU.ActiveCfg = Release|Any CPU
		{EF594594-71F0-4694-BA94-FDA39F0DB10E}.Release|Any CPU.Build.0 = Release|Any CPU
		{EF594594-71F0-4694-BA94-FDA39F0DB10E}.Release|Any CPU.Deploy.0 = Release|Any CPU
	EndGlobalSection
	GlobalSection(SolutionProperties) = preSolution
		HideSolutionNode = FALSE
	EndGlobalSection
	GlobalSection(ExtensibilityGlobals) = postSolution
		SolutionGuid = {ECAD40EC-8C7E-4100-B9A7-FAA48D21A311}
	EndGlobalSection
EndGlobal
